
Microsoft Visual Studio Solution File, Format Version 12.00
# Visual Studio Version 17
VisualStudioVersion = 17.2.32630.192
MinimumVisualStudioVersion = 10.0.40219.1
Project("{FAE04EC0-301F-11D3-BF4B-00C04F79EFBC}") = "Finder_the_percent", "Finder_the_percent\Finder_the_percent.csproj", "{3F959109-FDCB-47F1-86AC-1B44790BE6DE}"
EndProject
Global
	GlobalSection(SolutionConfigurationPlatforms) = preSolution
		Debug|Any CPU = Debug|Any CPU
		Release|Any CPU = Release|Any CPU
	EndGlobalSection
	GlobalSection(ProjectConfigurationPlatforms) = postSolution
		{3F959109-FDCB-47F1-86AC-1B44790BE6DE}.Debug|Any CPU.ActiveCfg = Debug|Any CPU
		{3F959109-FDCB-47F1-86AC-1B44790BE6DE}.Debug|Any CPU.Build.0 = Debug|Any CPU
		{3F959109-FDCB-47F1-86AC-1B44790BE6DE}.Release|Any CPU.ActiveCfg = Release|Any CPU
		{3F959109-FDCB-47F1-86AC-1B44790BE6DE}.Release|Any CPU.Build.0 = Release|Any CPU
	EndGlobalSection
	GlobalSection(SolutionProperties) = preSolution
		HideSolutionNode = FALSE
	EndGlobalSection
	GlobalSection(ExtensibilityGlobals) = postSolution
		SolutionGuid = {4C894BB8-7695-4BA6-8A7E-065EC260F1A2}
	EndGlobalSection
EndGlobal
